
Microsoft Visual Studio Solution File, Format Version 12.00
# Visual Studio 15
VisualStudioVersion = 15.0.27130.2010
MinimumVisualStudioVersion = 10.0.40219.1
Project("{FAE04EC0-301F-11D3-BF4B-00C04F79EFBC}") = "Hooky", "Hooky\Hooky.csproj", "{774A6CD5-8F1B-4C24-A0F0-279297B3C327}"
EndProject
Global
	GlobalSection(SolutionConfigurationPlatforms) = preSolution
		Debug|Any CPU = Debug|Any CPU
		Release|Any CPU = Release|Any CPU
	EndGlobalSection
	GlobalSection(ProjectConfigurationPlatforms) = postSolution
		{774A6CD5-8F1B-4C24-A0F0-279297B3C327}.Debug|Any CPU.ActiveCfg = Debug|Any CPU
		{774A6CD5-8F1B-4C24-A0F0-279297B3C327}.Debug|Any CPU.Build.0 = Debug|Any CPU
		{774A6CD5-8F1B-4C24-A0F0-279297B3C327}.Release|Any CPU.ActiveCfg = Release|Any CPU
		{774A6CD5-8F1B-4C24-A0F0-279297B3C327}.Release|Any CPU.Build.0 = Release|Any CPU
	EndGlobalSection
	GlobalSection(SolutionProperties) = preSolution
		HideSolutionNode = FALSE
	EndGlobalSection
	GlobalSection(ExtensibilityGlobals) = postSolution
		SolutionGuid = {68EE0B5E-AEF4-41A3-8ABA-059225942FE5}
	EndGlobalSection
EndGlobal
